
Microsoft Visual Studio Solution File, Format Version 12.00
# Visual Studio 14
VisualStudioVersion = 14.0.23107.0
MinimumVisualStudioVersion = 10.0.40219.1
Project("{FAE04EC0-301F-11D3-BF4B-00C04F79EFBC}") = "BookYourFood", "PresentationLayer\BookYourFood\BookYourFood.csproj", "{1D0CBF30-1EA9-4B39-BDF4-5CFBBCEC1FD9}"
EndProject
Project("{FAE04EC0-301F-11D3-BF4B-00C04F79EFBC}") = "Utility", "Utilities\Utility\Utility.csproj", "{318E94AD-076C-47EA-BCFB-20B2F383A8F1}"
EndProject
Project("{FAE04EC0-301F-11D3-BF4B-00C04F79EFBC}") = "Database", "DatabaseLayer\Database\Database.csproj", "{6A71A44F-E6F6-476C-BC34-221B59872AF0}"
EndProject
Project("{2150E333-8FDC-42A3-9474-1A3956D46DE8}") = "ApplicationLayer", "ApplicationLayer", "{4514D3EE-39D4-4A08-9D73-C5F18F7CCC18}"
EndProject
Project("{FAE04EC0-301F-11D3-BF4B-00C04F79EFBC}") = "ApplicationUserBC.Model", "ApplicationLayer\ApplicationUserDomain\ApplicationUser.Model\ApplicationUserBC.Model.csproj", "{62ADBFCD-DF74-46BE-A95E-3AF97A0A6705}"
EndProject
Project("{2150E333-8FDC-42A3-9474-1A3956D46DE8}") = "ApplicationUser Bounded Context", "ApplicationUser Bounded Context", "{51803CCD-D6D2-45DF-A0FF-B36951B73A8B}"
EndProject
Project("{2150E333-8FDC-42A3-9474-1A3956D46DE8}") = "Common Bounded Context", "Common Bounded Context", "{9F0436CE-8946-4A72-AE4B-402A46B47DED}"
EndProject
Project("{FAE04EC0-301F-11D3-BF4B-00C04F79EFBC}") = "Common.Model", "ApplicationLayer\CommonDomain\Common.Model\Common.Model.csproj", "{0B7F82F8-EF67-4277-93FE-36756F8D53A7}"
EndProject
Project("{FAE04EC0-301F-11D3-BF4B-00C04F79EFBC}") = "Common.Service", "ApplicationLayer\CommonDomain\Common.Service\Common.Service.csproj", "{C86CD015-F610-49E3-9936-BC308363E4A2}"
EndProject
Project("{2150E333-8FDC-42A3-9474-1A3956D46DE8}") = "Reservation Bounded Context", "Reservation Bounded Context", "{3F2235CF-026D-4A61-8CA0-26F07C0E045C}"
EndProject
Project("{FAE04EC0-301F-11D3-BF4B-00C04F79EFBC}") = "ReservationDomain.Model", "ApplicationLayer\ReservationDomain\ReservationDomain.Model\ReservationDomain.Model.csproj", "{EA5028CB-D8B1-4057-9262-013DA796179C}"
EndProject
Project("{FAE04EC0-301F-11D3-BF4B-00C04F79EFBC}") = "ReservationDomain.Service", "ApplicationLayer\ReservationDomain\ReservationDomain.Service\ReservationDomain.Service.csproj", "{05233FD8-1832-4B94-A0DE-C2D390B82ED1}"
EndProject
Project("{2150E333-8FDC-42A3-9474-1A3956D46DE8}") = "PresentationLayer", "PresentationLayer", "{3652F3F5-F06C-4230-8428-C3BA72E89C9D}"
EndProject
Project("{2150E333-8FDC-42A3-9474-1A3956D46DE8}") = "DatabaseLayer", "DatabaseLayer", "{0DA3A59E-8A42-4ABF-A8A4-10DA3AA1170B}"
EndProject
Project("{2150E333-8FDC-42A3-9474-1A3956D46DE8}") = "Utilites", "Utilites", "{7D25F9F8-3195-4AC1-8CB3-AABF503CEAB7}"
EndProject
Project("{FAE04EC0-301F-11D3-BF4B-00C04F79EFBC}") = "UtilityMvc", "Utilities\UtilityMvc\UtilityMvc.csproj", "{5C700888-D53C-404F-9522-F0C1DDFCB321}"
EndProject
Project("{FAE04EC0-301F-11D3-BF4B-00C04F79EFBC}") = "ApplicationUserBC.Service", "ApplicationLayer\ApplicationUserDomain\ApplicationUserDomain.Service\ApplicationUserBC.Service.csproj", "{2F4DA88C-9071-4B07-A77D-B44ED3260480}"
EndProject
Project("{FAE04EC0-301F-11D3-BF4B-00C04F79EFBC}") = "ApplicationUserBC.Infrastructure", "ApplicationUserDomain.Infrastructure\ApplicationUserBC.Infrastructure.csproj", "{8C3CC7ED-BEAD-4E85-B643-3AEC9E3C3EB9}"
EndProject
Project("{FAE04EC0-301F-11D3-BF4B-00C04F79EFBC}") = "ReservationDomain.Infrastructure", "ReservationDomain.Infrastructure\ReservationDomain.Infrastructure.csproj", "{7DC5A61F-DC8A-4F2E-B2FD-89740CB146DF}"
EndProject
Project("{FAE04EC0-301F-11D3-BF4B-00C04F79EFBC}") = "Common.Infrastructure", "Common.Infrastructure\Common.Infrastructure.csproj", "{A0272637-A005-4523-9298-40C0506DE301}"
EndProject
Project("{FAE04EC0-301F-11D3-BF4B-00C04F79EFBC}") = "ApplicationUserBC.Configuration", "ApplicationLayer\ApplicationUserDomain\ApplicationUserBC.Configuratio\ApplicationUserBC.Configuration.csproj", "{89C1FA2B-20C4-41DE-80C7-F12643E0E866}"
EndProject
Project("{FAE04EC0-301F-11D3-BF4B-00C04F79EFBC}") = "ApplicationUserBC.Interfaces", "ApplicationLayer\ApplicationUserDomain\ApplicationUserBC.Interfaces\ApplicationUserBC.Interfaces.csproj", "{073B0005-7A5B-4651-B62A-6D1046A5874D}"
EndProject
Global
	GlobalSection(SolutionConfigurationPlatforms) = preSolution
		Debug|Any CPU = Debug|Any CPU
		Release|Any CPU = Release|Any CPU
	EndGlobalSection
	GlobalSection(ProjectConfigurationPlatforms) = postSolution
		{1D0CBF30-1EA9-4B39-BDF4-5CFBBCEC1FD9}.Debug|Any CPU.ActiveCfg = Debug|Any CPU
		{1D0CBF30-1EA9-4B39-BDF4-5CFBBCEC1FD9}.Debug|Any CPU.Build.0 = Debug|Any CPU
		{1D0CBF30-1EA9-4B39-BDF4-5CFBBCEC1FD9}.Release|Any CPU.ActiveCfg = Release|Any CPU
		{1D0CBF30-1EA9-4B39-BDF4-5CFBBCEC1FD9}.Release|Any CPU.Build.0 = Release|Any CPU
		{318E94AD-076C-47EA-BCFB-20B2F383A8F1}.Debug|Any CPU.ActiveCfg = Debug|Any CPU
		{318E94AD-076C-47EA-BCFB-20B2F383A8F1}.Debug|Any CPU.Build.0 = Debug|Any CPU
		{318E94AD-076C-47EA-BCFB-20B2F383A8F1}.Release|Any CPU.ActiveCfg = Release|Any CPU
		{318E94AD-076C-47EA-BCFB-20B2F383A8F1}.Release|Any CPU.Build.0 = Release|Any CPU
		{6A71A44F-E6F6-476C-BC34-221B59872AF0}.Debug|Any CPU.ActiveCfg = Debug|Any CPU
		{6A71A44F-E6F6-476C-BC34-221B59872AF0}.Debug|Any CPU.Build.0 = Debug|Any CPU
		{6A71A44F-E6F6-476C-BC34-221B59872AF0}.Release|Any CPU.ActiveCfg = Release|Any CPU
		{6A71A44F-E6F6-476C-BC34-221B59872AF0}.Release|Any CPU.Build.0 = Release|Any CPU
		{62ADBFCD-DF74-46BE-A95E-3AF97A0A6705}.Debug|Any CPU.ActiveCfg = Debug|Any CPU
		{62ADBFCD-DF74-46BE-A95E-3AF97A0A6705}.Debug|Any CPU.Build.0 = Debug|Any CPU
		{62ADBFCD-DF74-46BE-A95E-3AF97A0A6705}.Release|Any CPU.ActiveCfg = Release|Any CPU
		{62ADBFCD-DF74-46BE-A95E-3AF97A0A6705}.Release|Any CPU.Build.0 = Release|Any CPU
		{0B7F82F8-EF67-4277-93FE-36756F8D53A7}.Debug|Any CPU.ActiveCfg = Debug|Any CPU
		{0B7F82F8-EF67-4277-93FE-36756F8D53A7}.Debug|Any CPU.Build.0 = Debug|Any CPU
		{0B7F82F8-EF67-4277-93FE-36756F8D53A7}.Release|Any CPU.ActiveCfg = Release|Any CPU
		{0B7F82F8-EF67-4277-93FE-36756F8D53A7}.Release|Any CPU.Build.0 = Release|Any CPU
		{C86CD015-F610-49E3-9936-BC308363E4A2}.Debug|Any CPU.ActiveCfg = Debug|Any CPU
		{C86CD015-F610-49E3-9936-BC308363E4A2}.Debug|Any CPU.Build.0 = Debug|Any CPU
		{C86CD015-F610-49E3-9936-BC308363E4A2}.Release|Any CPU.ActiveCfg = Release|Any CPU
		{C86CD015-F610-49E3-9936-BC308363E4A2}.Release|Any CPU.Build.0 = Release|Any CPU
		{EA5028CB-D8B1-4057-9262-013DA796179C}.Debug|Any CPU.ActiveCfg = Debug|Any CPU
		{EA5028CB-D8B1-4057-9262-013DA796179C}.Debug|Any CPU.Build.0 = Debug|Any CPU
		{EA5028CB-D8B1-4057-9262-013DA796179C}.Release|Any CPU.ActiveCfg = Release|Any CPU
		{EA5028CB-D8B1-4057-9262-013DA796179C}.Release|Any CPU.Build.0 = Release|Any CPU
		{05233FD8-1832-4B94-A0DE-C2D390B82ED1}.Debug|Any CPU.ActiveCfg = Debug|Any CPU
		{05233FD8-1832-4B94-A0DE-C2D390B82ED1}.Debug|Any CPU.Build.0 = Debug|Any CPU
		{05233FD8-1832-4B94-A0DE-C2D390B82ED1}.Release|Any CPU.ActiveCfg = Release|Any CPU
		{05233FD8-1832-4B94-A0DE-C2D390B82ED1}.Release|Any CPU.Build.0 = Release|Any CPU
		{5C700888-D53C-404F-9522-F0C1DDFCB321}.Debug|Any CPU.ActiveCfg = Debug|Any CPU
		{5C700888-D53C-404F-9522-F0C1DDFCB321}.Debug|Any CPU.Build.0 = Debug|Any CPU
		{5C700888-D53C-404F-9522-F0C1DDFCB321}.Release|Any CPU.ActiveCfg = Release|Any CPU
		{5C700888-D53C-404F-9522-F0C1DDFCB321}.Release|Any CPU.Build.0 = Release|Any CPU
		{2F4DA88C-9071-4B07-A77D-B44ED3260480}.Debug|Any CPU.ActiveCfg = Debug|Any CPU
		{2F4DA88C-9071-4B07-A77D-B44ED3260480}.Debug|Any CPU.Build.0 = Debug|Any CPU
		{2F4DA88C-9071-4B07-A77D-B44ED3260480}.Release|Any CPU.ActiveCfg = Release|Any CPU
		{2F4DA88C-9071-4B07-A77D-B44ED3260480}.Release|Any CPU.Build.0 = Release|Any CPU
		{8C3CC7ED-BEAD-4E85-B643-3AEC9E3C3EB9}.Debug|Any CPU.ActiveCfg = Debug|Any CPU
		{8C3CC7ED-BEAD-4E85-B643-3AEC9E3C3EB9}.Debug|Any CPU.Build.0 = Debug|Any CPU
		{8C3CC7ED-BEAD-4E85-B643-3AEC9E3C3EB9}.Release|Any CPU.ActiveCfg = Release|Any CPU
		{8C3CC7ED-BEAD-4E85-B643-3AEC9E3C3EB9}.Release|Any CPU.Build.0 = Release|Any CPU
		{7DC5A61F-DC8A-4F2E-B2FD-89740CB146DF}.Debug|Any CPU.ActiveCfg = Debug|Any CPU
		{7DC5A61F-DC8A-4F2E-B2FD-89740CB146DF}.Debug|Any CPU.Build.0 = Debug|Any CPU
		{7DC5A61F-DC8A-4F2E-B2FD-89740CB146DF}.Release|Any CPU.ActiveCfg = Release|Any CPU
		{7DC5A61F-DC8A-4F2E-B2FD-89740CB146DF}.Release|Any CPU.Build.0 = Release|Any CPU
		{A0272637-A005-4523-9298-40C0506DE301}.Debug|Any CPU.ActiveCfg = Debug|Any CPU
		{A0272637-A005-4523-9298-40C0506DE301}.Debug|Any CPU.Build.0 = Debug|Any CPU
		{A0272637-A005-4523-9298-40C0506DE301}.Release|Any CPU.ActiveCfg = Release|Any CPU
		{A0272637-A005-4523-9298-40C0506DE301}.Release|Any CPU.Build.0 = Release|Any CPU
		{89C1FA2B-20C4-41DE-80C7-F12643E0E866}.Debug|Any CPU.ActiveCfg = Debug|Any CPU
		{89C1FA2B-20C4-41DE-80C7-F12643E0E866}.Debug|Any CPU.Build.0 = Debug|Any CPU
		{89C1FA2B-20C4-41DE-80C7-F12643E0E866}.Release|Any CPU.ActiveCfg = Release|Any CPU
		{89C1FA2B-20C4-41DE-80C7-F12643E0E866}.Release|Any CPU.Build.0 = Release|Any CPU
		{073B0005-7A5B-4651-B62A-6D1046A5874D}.Debug|Any CPU.ActiveCfg = Debug|Any CPU
		{073B0005-7A5B-4651-B62A-6D1046A5874D}.Debug|Any CPU.Build.0 = Debug|Any CPU
		{073B0005-7A5B-4651-B62A-6D1046A5874D}.Release|Any CPU.ActiveCfg = Release|Any CPU
		{073B0005-7A5B-4651-B62A-6D1046A5874D}.Release|Any CPU.Build.0 = Release|Any CPU
	EndGlobalSection
	GlobalSection(SolutionProperties) = preSolution
		HideSolutionNode = FALSE
	EndGlobalSection
	GlobalSection(NestedProjects) = preSolution
		{1D0CBF30-1EA9-4B39-BDF4-5CFBBCEC1FD9} = {3652F3F5-F06C-4230-8428-C3BA72E89C9D}
		{318E94AD-076C-47EA-BCFB-20B2F383A8F1} = {7D25F9F8-3195-4AC1-8CB3-AABF503CEAB7}
		{6A71A44F-E6F6-476C-BC34-221B59872AF0} = {0DA3A59E-8A42-4ABF-A8A4-10DA3AA1170B}
		{62ADBFCD-DF74-46BE-A95E-3AF97A0A6705} = {51803CCD-D6D2-45DF-A0FF-B36951B73A8B}
		{51803CCD-D6D2-45DF-A0FF-B36951B73A8B} = {4514D3EE-39D4-4A08-9D73-C5F18F7CCC18}
		{9F0436CE-8946-4A72-AE4B-402A46B47DED} = {4514D3EE-39D4-4A08-9D73-C5F18F7CCC18}
		{0B7F82F8-EF67-4277-93FE-36756F8D53A7} = {9F0436CE-8946-4A72-AE4B-402A46B47DED}
		{C86CD015-F610-49E3-9936-BC308363E4A2} = {9F0436CE-8946-4A72-AE4B-402A46B47DED}
		{3F2235CF-026D-4A61-8CA0-26F07C0E045C} = {4514D3EE-39D4-4A08-9D73-C5F18F7CCC18}
		{EA5028CB-D8B1-4057-9262-013DA796179C} = {3F2235CF-026D-4A61-8CA0-26F07C0E045C}
		{05233FD8-1832-4B94-A0DE-C2D390B82ED1} = {3F2235CF-026D-4A61-8CA0-26F07C0E045C}
		{5C700888-D53C-404F-9522-F0C1DDFCB321} = {7D25F9F8-3195-4AC1-8CB3-AABF503CEAB7}
		{2F4DA88C-9071-4B07-A77D-B44ED3260480} = {51803CCD-D6D2-45DF-A0FF-B36951B73A8B}
		{8C3CC7ED-BEAD-4E85-B643-3AEC9E3C3EB9} = {51803CCD-D6D2-45DF-A0FF-B36951B73A8B}
		{7DC5A61F-DC8A-4F2E-B2FD-89740CB146DF} = {3F2235CF-026D-4A61-8CA0-26F07C0E045C}
		{A0272637-A005-4523-9298-40C0506DE301} = {9F0436CE-8946-4A72-AE4B-402A46B47DED}
		{89C1FA2B-20C4-41DE-80C7-F12643E0E866} = {51803CCD-D6D2-45DF-A0FF-B36951B73A8B}
		{073B0005-7A5B-4651-B62A-6D1046A5874D} = {51803CCD-D6D2-45DF-A0FF-B36951B73A8B}
	EndGlobalSection
EndGlobal
